{
    "_readme": [
        "This file locks the dependencies of your project to a known state",
        "Read more about it at http://getcomposer.org/doc/01-basic-usage.md#composer-lock-the-lock-file"
    ],
    "hash": "7a3097019b23355a9e7092dca9c95d48",
    "packages": [
        {
            "name": "letsdrink/ouzo",
            "version": "dev-master",
            "source": {
                "type": "git",
                "url": "https://github.com/letsdrink/ouzo.git",
                "reference": "4406779beaab8517b11b13b9f4e41bc607bf87c3"
            },
            "dist": {
                "type": "zip",
                "url": "https://api.github.com/repos/letsdrink/ouzo/zipball/4406779beaab8517b11b13b9f4e41bc607bf87c3",
                "reference": "4406779beaab8517b11b13b9f4e41bc607bf87c3",
                "shasum": ""
            },
            "require-dev": {
                "phpunit/phpunit": "3.7.27",
                "satooshi/php-coveralls": "dev-master"
            },
            "type": "library",
            "autoload": {
                "psr-0": {
                    "Ouzo": "lib/"
                }
            },
            "notification-url": "https://packagist.org/downloads/",
            "license": [
                "MIT"
            ],
            "authors": [
                {
                    "name": "Thulium",
                    "email": "letsdrink@thulium.pl"
                }
            ],
            "description": "Ouzo PHP MVC framework",
            "keywords": [
                "TDD",
                "framework",
                "mvc",
                "orm",
                "php"
            ],
            "time": "2013-09-26 07:33:41"
        },
        {
            "name": "ruckusing/ruckusing-migrations",
            "version": "dev-master",
            "source": {
                "type": "git",
                "url": "https://github.com/ruckus/ruckusing-migrations.git",
                "reference": "6c7a26ccd96a4ac980f3fc47c6645458ed918406"
            },
            "dist": {
                "type": "zip",
                "url": "https://api.github.com/repos/ruckus/ruckusing-migrations/zipball/6c7a26ccd96a4ac980f3fc47c6645458ed918406",
                "reference": "6c7a26ccd96a4ac980f3fc47c6645458ed918406",
                "shasum": ""
            },
            "require": {
                "php": ">=5.2.0"
            },
            "require-dev": {
                "phpunit/phpunit": "3.7.*"
            },
            "bin": [
                "ruckus.php"
            ],
            "type": "library",
            "autoload": {
                "psr-0": {
                    "Ruckusing": "lib/",
                    "Task": "lib/"
                }
            },
            "notification-url": "https://packagist.org/downloads/",
            "license": [
                "MIT"
            ],
            "authors": [
                {
                    "name": "Cody Caughlan",
                    "email": "codycaughlan@gmail.com",
                    "homepage": "https://github.com/ruckus/ruckusing-migrations/wiki",
                    "role": "Project lead / Developer"
                }
            ],
            "description": "Framework for generating and managing database migrations",
            "homepage": "https://github.com/ruckus/ruckusing-migrations",
            "keywords": [
                "database",
                "migrations",
                "mysql",
                "postgres",
                "rake",
                "ruckusing",
                "task"
            ],
            "time": "2013-09-11 17:32:07"
        }
    ],
    "packages-dev": [

    ],
    "aliases": [

    ],
    "minimum-stability": "dev",
    "stability-flags": {
        "letsdrink/ouzo": 20,
        "ruckusing/ruckusing-migrations": 20
    },
    "platform": [

    ],
    "platform-dev": [

    ]
}
